
Microsoft Visual Studio Solution File, Format Version 12.00
# Visual Studio Version 17
VisualStudioVersion = 17.11.35312.102
MinimumVisualStudioVersion = 10.0.40219.1
Project("{2150E333-8FDC-42A3-9474-1A3956D46DE8}") = "Task6", "Task6", "{611CDEB0-7B39-4CA9-BF17-8A3B33B1468A}"
EndProject
Project("{FAE04EC0-301F-11D3-BF4B-00C04F79EFBC}") = "Tyuiu.BelousovaOD.Sprint4.Task6.V14", "Tyuiu.BelousovaOD.Sprint4.Task6.V14\Tyuiu.BelousovaOD.Sprint4.Task6.V14.csproj", "{DF2F6132-8C2E-47EB-A856-014A387F71A9}"
EndProject
Project("{FAE04EC0-301F-11D3-BF4B-00C04F79EFBC}") = "Tyuiu.BelousovaOD.Sprint4.Task6.V14.Lib", "Tyuiu.BelousovaOD.Sprint4.Task6.V14.Lib\Tyuiu.BelousovaOD.Sprint4.Task6.V14.Lib.csproj", "{762764E4-F936-43BE-8A12-8532D01D3BED}"
EndProject
Project("{FAE04EC0-301F-11D3-BF4B-00C04F79EFBC}") = "Tyuiu.BelousovaOD.Sprint4.Task6.V14.Test", "Tyuiu.BelousovaOD.Sprint4.Task6.V14.Test\Tyuiu.BelousovaOD.Sprint4.Task6.V14.Test.csproj", "{B29199A1-AB4B-4522-B746-F53BC0C63F4E}"
EndProject
Project("{2150E333-8FDC-42A3-9474-1A3956D46DE8}") = "Task7", "Task7", "{9D85ECA5-DD2E-407A-92A3-B313A3894F46}"
EndProject
Project("{FAE04EC0-301F-11D3-BF4B-00C04F79EFBC}") = "Tyuiu.BelousovaOD.Sprint4.Task7.V26", "Tyuiu.BelousovaOD.Sprint4.Task7.V26\Tyuiu.BelousovaOD.Sprint4.Task7.V26.csproj", "{9B115954-FA2E-4C28-A827-EF6C4BE52310}"
EndProject
Project("{FAE04EC0-301F-11D3-BF4B-00C04F79EFBC}") = "Tyuiu.BelousovaOD.Sprint4.Task7.V26.Lib", "Tyuiu.BelousovaOD.Sprint4.Task7.V26.Lib\Tyuiu.BelousovaOD.Sprint4.Task7.V26.Lib.csproj", "{A5EF33EB-BF69-44B8-926B-F980B803CC85}"
EndProject
Project("{FAE04EC0-301F-11D3-BF4B-00C04F79EFBC}") = "Tyuiu.BelousovaOD.Sprint4.Task7.V26.Test", "Tyuiu.BelousovaOD.Sprint4.Task7.V26.Test\Tyuiu.BelousovaOD.Sprint4.Task7.V26.Test.csproj", "{00177CDE-44DA-40E2-8213-B91B6324590B}"
EndProject
Global
	GlobalSection(SolutionConfigurationPlatforms) = preSolution
		Debug|Any CPU = Debug|Any CPU
		Release|Any CPU = Release|Any CPU
	EndGlobalSection
	GlobalSection(ProjectConfigurationPlatforms) = postSolution
		{DF2F6132-8C2E-47EB-A856-014A387F71A9}.Debug|Any CPU.ActiveCfg = Debug|Any CPU
		{DF2F6132-8C2E-47EB-A856-014A387F71A9}.Debug|Any CPU.Build.0 = Debug|Any CPU
		{DF2F6132-8C2E-47EB-A856-014A387F71A9}.Release|Any CPU.ActiveCfg = Release|Any CPU
		{DF2F6132-8C2E-47EB-A856-014A387F71A9}.Release|Any CPU.Build.0 = Release|Any CPU
		{762764E4-F936-43BE-8A12-8532D01D3BED}.Debug|Any CPU.ActiveCfg = Debug|Any CPU
		{762764E4-F936-43BE-8A12-8532D01D3BED}.Debug|Any CPU.Build.0 = Debug|Any CPU
		{762764E4-F936-43BE-8A12-8532D01D3BED}.Release|Any CPU.ActiveCfg = Release|Any CPU
		{762764E4-F936-43BE-8A12-8532D01D3BED}.Release|Any CPU.Build.0 = Release|Any CPU
		{B29199A1-AB4B-4522-B746-F53BC0C63F4E}.Debug|Any CPU.ActiveCfg = Debug|Any CPU
		{B29199A1-AB4B-4522-B746-F53BC0C63F4E}.Debug|Any CPU.Build.0 = Debug|Any CPU
		{B29199A1-AB4B-4522-B746-F53BC0C63F4E}.Release|Any CPU.ActiveCfg = Release|Any CPU
		{B29199A1-AB4B-4522-B746-F53BC0C63F4E}.Release|Any CPU.Build.0 = Release|Any CPU
		{9B115954-FA2E-4C28-A827-EF6C4BE52310}.Debug|Any CPU.ActiveCfg = Debug|Any CPU
		{9B115954-FA2E-4C28-A827-EF6C4BE52310}.Debug|Any CPU.Build.0 = Debug|Any CPU
		{9B115954-FA2E-4C28-A827-EF6C4BE52310}.Release|Any CPU.ActiveCfg = Release|Any CPU
		{9B115954-FA2E-4C28-A827-EF6C4BE52310}.Release|Any CPU.Build.0 = Release|Any CPU
		{A5EF33EB-BF69-44B8-926B-F980B803CC85}.Debug|Any CPU.ActiveCfg = Debug|Any CPU
		{A5EF33EB-BF69-44B8-926B-F980B803CC85}.Debug|Any CPU.Build.0 = Debug|Any CPU
		{A5EF33EB-BF69-44B8-926B-F980B803CC85}.Release|Any CPU.ActiveCfg = Release|Any CPU
		{A5EF33EB-BF69-44B8-926B-F980B803CC85}.Release|Any CPU.Build.0 = Release|Any CPU
		{00177CDE-44DA-40E2-8213-B91B6324590B}.Debug|Any CPU.ActiveCfg = Debug|Any CPU
		{00177CDE-44DA-40E2-8213-B91B6324590B}.Debug|Any CPU.Build.0 = Debug|Any CPU
		{00177CDE-44DA-40E2-8213-B91B6324590B}.Release|Any CPU.ActiveCfg = Release|Any CPU
		{00177CDE-44DA-40E2-8213-B91B6324590B}.Release|Any CPU.Build.0 = Release|Any CPU
	EndGlobalSection
	GlobalSection(SolutionProperties) = preSolution
		HideSolutionNode = FALSE
	EndGlobalSection
	GlobalSection(NestedProjects) = preSolution
		{DF2F6132-8C2E-47EB-A856-014A387F71A9} = {611CDEB0-7B39-4CA9-BF17-8A3B33B1468A}
		{762764E4-F936-43BE-8A12-8532D01D3BED} = {611CDEB0-7B39-4CA9-BF17-8A3B33B1468A}
		{B29199A1-AB4B-4522-B746-F53BC0C63F4E} = {611CDEB0-7B39-4CA9-BF17-8A3B33B1468A}
		{9B115954-FA2E-4C28-A827-EF6C4BE52310} = {9D85ECA5-DD2E-407A-92A3-B313A3894F46}
		{A5EF33EB-BF69-44B8-926B-F980B803CC85} = {9D85ECA5-DD2E-407A-92A3-B313A3894F46}
		{00177CDE-44DA-40E2-8213-B91B6324590B} = {9D85ECA5-DD2E-407A-92A3-B313A3894F46}
	EndGlobalSection
	GlobalSection(ExtensibilityGlobals) = postSolution
		SolutionGuid = {2001058B-9E32-437E-AAB1-4E9462069CBA}
	EndGlobalSection
EndGlobal
